// !$*UTF8*$!
{
	archiveVersion = 1;
	classes = {
	};
	objectVersion = 56;
	objects = {

/* Begin PBXBuildFile section */
		7FF2C73F2BD2473200E90E87 /* iOS201poke_36App.swift in Sources */ = {isa = PBXBuildFile; fileRef = 7FF2C73E2BD2473200E90E87 /* iOS201poke_36App.swift */; };
		7FF2C7412BD2473200E90E87 /* ContentView.swift in Sources */ = {isa = PBXBuildFile; fileRef = 7FF2C7402BD2473200E90E87 /* ContentView.swift */; };
		7FF2C7432BD2473300E90E87 /* Assets.xcassets in Resources */ = {isa = PBXBuildFile; fileRef = 7FF2C7422BD2473300E90E87 /* Assets.xcassets */; };
		7FF2C7462BD2473300E90E87 /* Preview Assets.xcassets in Resources */ = {isa = PBXBuildFile; fileRef = 7FF2C7452BD2473300E90E87 /* Preview Assets.xcassets */; };
		7FF2C7502BD2473400E90E87 /* iOS201poke_36Tests.swift in Sources */ = {isa = PBXBuildFile; fileRef = 7FF2C74F2BD2473400E90E87 /* iOS201poke_36Tests.swift */; };
		7FF2C75A2BD2473400E90E87 /* iOS201poke_36UITests.swift in Sources */ = {isa = PBXBuildFile; fileRef = 7FF2C7592BD2473400E90E87 /* iOS201poke_36UITests.swift */; };
		7FF2C75C2BD2473400E90E87 /* iOS201poke_36UITestsLaunchTests.swift in Sources */ = {isa = PBXBuildFile; fileRef = 7FF2C75B2BD2473400E90E87 /* iOS201poke_36UITestsLaunchTests.swift */; };
		7FF2C7692BD2475C00E90E87 /* PokemonData.swift in Sources */ = {isa = PBXBuildFile; fileRef = 7FF2C7682BD2475C00E90E87 /* PokemonData.swift */; };
		7FF2C7A92BDDF2C300E90E87 /* pokemon_name_converter.json in Resources */ = {isa = PBXBuildFile; fileRef = 7FF2C7A82BDDF2C300E90E87 /* pokemon_name_converter.json */; };
		7FF2C8172BE0ED0D00E90E87 /* GameView.swift in Sources */ = {isa = PBXBuildFile; fileRef = 7FF2C8162BE0ED0D00E90E87 /* GameView.swift */; };
/* End PBXBuildFile section */

/* Begin PBXContainerItemProxy section */
		7FF2C74C2BD2473400E90E87 /* PBXContainerItemProxy */ = {
			isa = PBXContainerItemProxy;
			containerPortal = 7FF2C7332BD2473200E90E87 /* Project object */;
			proxyType = 1;
			remoteGlobalIDString = 7FF2C73A2BD2473200E90E87;
			remoteInfo = iOS201poke_36;
		};
		7FF2C7562BD2473400E90E87 /* PBXContainerItemProxy */ = {
			isa = PBXContainerItemProxy;
			containerPortal = 7FF2C7332BD2473200E90E87 /* Project object */;
			proxyType = 1;
			remoteGlobalIDString = 7FF2C73A2BD2473200E90E87;
			remoteInfo = iOS201poke_36;
		};
/* End PBXContainerItemProxy section */

/* Begin PBXFileReference section */
		7FF2C73B2BD2473200E90E87 /* iOS201poke_36.app */ = {isa = PBXFileReference; explicitFileType = wrapper.application; includeInIndex = 0; path = iOS201poke_36.app; sourceTree = BUILT_PRODUCTS_DIR; };
		7FF2C73E2BD2473200E90E87 /* iOS201poke_36App.swift */ = {isa = PBXFileReference; lastKnownFileType = sourcecode.swift; path = iOS201poke_36App.swift; sourceTree = "<group>"; };
		7FF2C7402BD2473200E90E87 /* ContentView.swift */ = {isa = PBXFileReference; lastKnownFileType = sourcecode.swift; path = ContentView.swift; sourceTree = "<group>"; };
		7FF2C7422BD2473300E90E87 /* Assets.xcassets */ = {isa = PBXFileReference; lastKnownFileType = folder.assetcatalog; path = Assets.xcassets; sourceTree = "<group>"; };
		7FF2C7452BD2473300E90E87 /* Preview Assets.xcassets */ = {isa = PBXFileReference; lastKnownFileType = folder.assetcatalog; path = "Preview Assets.xcassets"; sourceTree = "<group>"; };
		7FF2C74B2BD2473400E90E87 /* iOS201poke_36Tests.xctest */ = {isa = PBXFileReference; explicitFileType = wrapper.cfbundle; includeInIndex = 0; path = iOS201poke_36Tests.xctest; sourceTree = BUILT_PRODUCTS_DIR; };
		7FF2C74F2BD2473400E90E87 /* iOS201poke_36Tests.swift */ = {isa = PBXFileReference; lastKnownFileType = sourcecode.swift; path = iOS201poke_36Tests.swift; sourceTree = "<group>"; };
		7FF2C7552BD2473400E90E87 /* iOS201poke_36UITests.xctest */ = {isa = PBXFileReference; explicitFileType = wrapper.cfbundle; includeInIndex = 0; path = iOS201poke_36UITests.xctest; sourceTree = BUILT_PRODUCTS_DIR; };
		7FF2C7592BD2473400E90E87 /* iOS201poke_36UITests.swift */ = {isa = PBXFileReference; lastKnownFileType = sourcecode.swift; path = iOS201poke_36UITests.swift; sourceTree = "<group>"; };
		7FF2C75B2BD2473400E90E87 /* iOS201poke_36UITestsLaunchTests.swift */ = {isa = PBXFileReference; lastKnownFileType = sourcecode.swift; path = iOS201poke_36UITestsLaunchTests.swift; sourceTree = "<group>"; };
		7FF2C7682BD2475C00E90E87 /* PokemonData.swift */ = {isa = PBXFileReference; lastKnownFileType = sourcecode.swift; path = PokemonData.swift; sourceTree = "<group>"; };
		7FF2C7A82BDDF2C300E90E87 /* pokemon_name_converter.json */ = {isa = PBXFileReference; fileEncoding = 4; lastKnownFileType = text.json; path = pokemon_name_converter.json; sourceTree = "<group>"; };
		7FF2C8162BE0ED0D00E90E87 /* GameView.swift */ = {isa = PBXFileReference; lastKnownFileType = sourcecode.swift; path = GameView.swift; sourceTree = "<group>"; };
/* End PBXFileReference section */

/* Begin PBXFrameworksBuildPhase section */
		7FF2C7382BD2473200E90E87 /* Frameworks */ = {
			isa = PBXFrameworksBuildPhase;
			buildActionMask = 2147483647;
			files = (
			);
			runOnlyForDeploymentPostprocessing = 0;
		};
		7FF2C7482BD2473400E90E87 /* Frameworks */ = {
			isa = PBXFrameworksBuildPhase;
			buildActionMask = 2147483647;
			files = (
			);
			runOnlyForDeploymentPostprocessing = 0;
		};
		7FF2C7522BD2473400E90E87 /* Frameworks */ = {
			isa = PBXFrameworksBuildPhase;
			buildActionMask = 2147483647;
			files = (
			);
			runOnlyForDeploymentPostprocessing = 0;
		};
/* End PBXFrameworksBuildPhase section */

/* Begin PBXGroup section */
		7FF2C7322BD2473200E90E87 = {
			isa = PBXGroup;
			children = (
				7FF2C73D2BD2473200E90E87 /* iOS201poke_36 */,
				7FF2C74E2BD2473400E90E87 /* iOS201poke_36Tests */,
				7FF2C7582BD2473400E90E87 /* iOS201poke_36UITests */,
				7FF2C73C2BD2473200E90E87 /* Products */,
			);
			sourceTree = "<group>";
		};
		7FF2C73C2BD2473200E90E87 /* Products */ = {
			isa = PBXGroup;
			children = (
				7FF2C73B2BD2473200E90E87 /* iOS201poke_36.app */,
				7FF2C74B2BD2473400E90E87 /* iOS201poke_36Tests.xctest */,
				7FF2C7552BD2473400E90E87 /* iOS201poke_36UITests.xctest */,
			);
			name = Products;
			sourceTree = "<group>";
		};
		7FF2C73D2BD2473200E90E87 /* iOS201poke_36 */ = {
			isa = PBXGroup;
			children = (
				7FF2C7A82BDDF2C300E90E87 /* pokemon_name_converter.json */,
				7FF2C73E2BD2473200E90E87 /* iOS201poke_36App.swift */,
				7FF2C7402BD2473200E90E87 /* ContentView.swift */,
				7FF2C7682BD2475C00E90E87 /* PokemonData.swift */,
				7FF2C7422BD2473300E90E87 /* Assets.xcassets */,
				7FF2C7442BD2473300E90E87 /* Preview Content */,
				7FF2C8162BE0ED0D00E90E87 /* GameView.swift */,
			);
			path = iOS201poke_36;
			sourceTree = "<group>";
		};
		7FF2C7442BD2473300E90E87 /* Preview Content */ = {
			isa = PBXGroup;
			children = (
				7FF2C7452BD2473300E90E87 /* Preview Assets.xcassets */,
			);
			path = "Preview Content";
			sourceTree = "<group>";
		};
		7FF2C74E2BD2473400E90E87 /* iOS201poke_36Tests */ = {
			isa = PBXGroup;
			children = (
				7FF2C74F2BD2473400E90E87 /* iOS201poke_36Tests.swift */,
			);
			path = iOS201poke_36Tests;
			sourceTree = "<group>";
		};
		7FF2C7582BD2473400E90E87 /* iOS201poke_36UITests */ = {
			isa = PBXGroup;
			children = (
				7FF2C7592BD2473400E90E87 /* iOS201poke_36UITests.swift */,
				7FF2C75B2BD2473400E90E87 /* iOS201poke_36UITestsLaunchTests.swift */,
			);
			path = iOS201poke_36UITests;
			sourceTree = "<group>";
		};
/* End PBXGroup section */

/* Begin PBXNativeTarget section */
		7FF2C73A2BD2473200E90E87 /* iOS201poke_36 */ = {
			isa = PBXNativeTarget;
			buildConfigurationList = 7FF2C75F2BD2473400E90E87 /* Build configuration list for PBXNativeTarget "iOS201poke_36" */;
			buildPhases = (
				7FF2C7372BD2473200E90E87 /* Sources */,
				7FF2C7382BD2473200E90E87 /* Frameworks */,
				7FF2C7392BD2473200E90E87 /* Resources */,
			);
			buildRules = (
			);
			dependencies = (
			);
			name = iOS201poke_36;
			productName = iOS201poke_36;
			productReference = 7FF2C73B2BD2473200E90E87 /* iOS201poke_36.app */;
			productType = "com.apple.product-type.application";
		};
		7FF2C74A2BD2473400E90E87 /* iOS201poke_36Tests */ = {
			isa = PBXNativeTarget;
			buildConfigurationList = 7FF2C7622BD2473400E90E87 /* Build configuration list for PBXNativeTarget "iOS201poke_36Tests" */;
			buildPhases = (
				7FF2C7472BD2473400E90E87 /* Sources */,
				7FF2C7482BD2473400E90E87 /* Frameworks */,
				7FF2C7492BD2473400E90E87 /* Resources */,
			);
			buildRules = (
			);
			dependencies = (
				7FF2C74D2BD2473400E90E87 /* PBXTargetDependency */,
			);
			name = iOS201poke_36Tests;
			productName = iOS201poke_36Tests;
			productReference = 7FF2C74B2BD2473400E90E87 /* iOS201poke_36Tests.xctest */;
			productType = "com.apple.product-type.bundle.unit-test";
		};
		7FF2C7542BD2473400E90E87 /* iOS201poke_36UITests */ = {
			isa = PBXNativeTarget;
			buildConfigurationList = 7FF2C7652BD2473400E90E87 /* Build configuration list for PBXNativeTarget "iOS201poke_36UITests" */;
			buildPhases = (
				7FF2C7512BD2473400E90E87 /* Sources */,
				7FF2C7522BD2473400E90E87 /* Frameworks */,
				7FF2C7532BD2473400E90E87 /* Resources */,
			);
			buildRules = (
			);
			dependencies = (
				7FF2C7572BD2473400E90E87 /* PBXTargetDependency */,
			);
			name = iOS201poke_36UITests;
			productName = iOS201poke_36UITests;
			productReference = 7FF2C7552BD2473400E90E87 /* iOS201poke_36UITests.xctest */;
			productType = "com.apple.product-type.bundle.ui-testing";
		};
/* End PBXNativeTarget section */

/* Begin PBXProject section */
		7FF2C7332BD2473200E90E87 /* Project object */ = {
			isa = PBXProject;
			attributes = {
				BuildIndependentTargetsInParallel = 1;
				LastSwiftUpdateCheck = 1530;
				LastUpgradeCheck = 1530;
				TargetAttributes = {
					7FF2C73A2BD2473200E90E87 = {
						CreatedOnToolsVersion = 15.3;
					};
					7FF2C74A2BD2473400E90E87 = {
						CreatedOnToolsVersion = 15.3;
						TestTargetID = 7FF2C73A2BD2473200E90E87;
					};
					7FF2C7542BD2473400E90E87 = {
						CreatedOnToolsVersion = 15.3;
						TestTargetID = 7FF2C73A2BD2473200E90E87;
					};
				};
			};
			buildConfigurationList = 7FF2C7362BD2473200E90E87 /* Build configuration list for PBXProject "iOS201poke_36" */;
			compatibilityVersion = "Xcode 14.0";
			developmentRegion = en;
			hasScannedForEncodings = 0;
			knownRegions = (
				en,
				Base,
			);
			mainGroup = 7FF2C7322BD2473200E90E87;
			productRefGroup = 7FF2C73C2BD2473200E90E87 /* Products */;
			projectDirPath = "";
			projectRoot = "";
			targets = (
				7FF2C73A2BD2473200E90E87 /* iOS201poke_36 */,
				7FF2C74A2BD2473400E90E87 /* iOS201poke_36Tests */,
				7FF2C7542BD2473400E90E87 /* iOS201poke_36UITests */,
			);
		};
/* End PBXProject section */

/* Begin PBXResourcesBuildPhase section */
		7FF2C7392BD2473200E90E87 /* Resources */ = {
			isa = PBXResourcesBuildPhase;
			buildActionMask = 2147483647;
			files = (
				7FF2C7462BD2473300E90E87 /* Preview Assets.xcassets in Resources */,
				7FF2C7432BD2473300E90E87 /* Assets.xcassets in Resources */,
				7FF2C7A92BDDF2C300E90E87 /* pokemon_name_converter.json in Resources */,
			);
			runOnlyForDeploymentPostprocessing = 0;
		};
		7FF2C7492BD2473400E90E87 /* Resources */ = {
			isa = PBXResourcesBuildPhase;
			buildActionMask = 2147483647;
			files = (
			);
			runOnlyForDeploymentPostprocessing = 0;
		};
		7FF2C7532BD2473400E90E87 /* Resources */ = {
			isa = PBXResourcesBuildPhase;
			buildActionMask = 2147483647;
			files = (
			);
			runOnlyForDeploymentPostprocessing = 0;
		};
/* End PBXResourcesBuildPhase section */

/* Begin PBXSourcesBuildPhase section */
		7FF2C7372BD2473200E90E87 /* Sources */ = {
			isa = PBXSourcesBuildPhase;
			buildActionMask = 2147483647;
			files = (
				7FF2C7412BD2473200E90E87 /* ContentView.swift in Sources */,
				7FF2C7692BD2475C00E90E87 /* PokemonData.swift in Sources */,
				7FF2C8172BE0ED0D00E90E87 /* GameView.swift in Sources */,
				7FF2C73F2BD2473200E90E87 /* iOS201poke_36App.swift in Sources */,
			);
			runOnlyForDeploymentPostprocessing = 0;
		};
		7FF2C7472BD2473400E90E87 /* Sources */ = {
			isa = PBXSourcesBuildPhase;
			buildActionMask = 2147483647;
			files = (
				7FF2C7502BD2473400E90E87 /* iOS201poke_36Tests.swift in Sources */,
			);
			runOnlyForDeploymentPostprocessing = 0;
		};
		7FF2C7512BD2473400E90E87 /* Sources */ = {
			isa = PBXSourcesBuildPhase;
			buildActionMask = 2147483647;
			files = (
				7FF2C75C2BD2473400E90E87 /* iOS201poke_36UITestsLaunchTests.swift in Sources */,
				7FF2C75A2BD2473400E90E87 /* iOS201poke_36UITests.swift in Sources */,
			);
			runOnlyForDeploymentPostprocessing = 0;
		};
/* End PBXSourcesBuildPhase section */

/* Begin PBXTargetDependency section */
		7FF2C74D2BD2473400E90E87 /* PBXTargetDependency */ = {
			isa = PBXTargetDependency;
			target = 7FF2C73A2BD2473200E90E87 /* iOS201poke_36 */;
			targetProxy = 7FF2C74C2BD2473400E90E87 /* PBXContainerItemProxy */;
		};
		7FF2C7572BD2473400E90E87 /* PBXTargetDependency */ = {
			isa = PBXTargetDependency;
			target = 7FF2C73A2BD2473200E90E87 /* iOS201poke_36 */;
			targetProxy = 7FF2C7562BD2473400E90E87 /* PBXContainerItemProxy */;
		};
/* End PBXTargetDependency section */

/* Begin XCBuildConfiguration section */
		7FF2C75D2BD2473400E90E87 /* Debug */ = {
			isa = XCBuildConfiguration;
			buildSettings = {
				ALWAYS_SEARCH_USER_PATHS = NO;
				ASSETCATALOG_COMPILER_GENERATE_SWIFT_ASSET_SYMBOL_EXTENSIONS = YES;
				CLANG_ANALYZER_NONNULL = YES;
				CLANG_ANALYZER_NUMBER_OBJECT_CONVERSION = YES_AGGRESSIVE;
				CLANG_CXX_LANGUAGE_STANDARD = "gnu++20";
				CLANG_ENABLE_MODULES = YES;
				CLANG_ENABLE_OBJC_ARC = YES;
				CLANG_ENABLE_OBJC_WEAK = YES;
				CLANG_WARN_BLOCK_CAPTURE_AUTORELEASING = YES;
				CLANG_WARN_BOOL_CONVERSION = YES;
				CLANG_WARN_COMMA = YES;
				CLANG_WARN_CONSTANT_CONVERSION = YES;
				CLANG_WARN_DEPRECATED_OBJC_IMPLEMENTATIONS = YES;
				CLANG_WARN_DIRECT_OBJC_ISA_USAGE = YES_ERROR;
				CLANG_WARN_DOCUMENTATION_COMMENTS = YES;
				CLANG_WARN_EMPTY_BODY = YES;
				CLANG_WARN_ENUM_CONVERSION = YES;
				CLANG_WARN_INFINITE_RECURSION = YES;
				CLANG_WARN_INT_CONVERSION = YES;
				CLANG_WARN_NON_LITERAL_NULL_CONVERSION = YES;
				CLANG_WARN_OBJC_IMPLICIT_RETAIN_SELF = YES;
				CLANG_WARN_OBJC_LITERAL_CONVERSION = YES;
				CLANG_WARN_OBJC_ROOT_CLASS = YES_ERROR;
				CLANG_WARN_QUOTED_INCLUDE_IN_FRAMEWORK_HEADER = YES;
				CLANG_WARN_RANGE_LOOP_ANALYSIS = YES;
				CLANG_WARN_STRICT_PROTOTYPES = YES;
				CLANG_WARN_SUSPICIOUS_MOVE = YES;
				CLANG_WARN_UNGUARDED_AVAILABILITY = YES_AGGRESSIVE;
				CLANG_WARN_UNREACHABLE_CODE = YES;
				CLANG_WARN__DUPLICATE_METHOD_MATCH = YES;
				COPY_PHASE_STRIP = NO;
				DEBUG_INFORMATION_FORMAT = dwarf;
				ENABLE_STRICT_OBJC_MSGSEND = YES;
				ENABLE_TESTABILITY = YES;
				ENABLE_USER_SCRIPT_SANDBOXING = YES;
				GCC_C_LANGUAGE_STANDARD = gnu17;
				GCC_DYNAMIC_NO_PIC = NO;
				GCC_NO_COMMON_BLOCKS = YES;
				GCC_OPTIMIZATION_LEVEL = 0;
				GCC_PREPROCESSOR_DEFINITIONS = (
					"DEBUG=1",
					"$(inherited)",
				);
				GCC_WARN_64_TO_32_BIT_CONVERSION = YES;
				GCC_WARN_ABOUT_RETURN_TYPE = YES_ERROR;
				GCC_WARN_UNDECLARED_SELECTOR = YES;
				GCC_WARN_UNINITIALIZED_AUTOS = YES_AGGRESSIVE;
				GCC_WARN_UNUSED_FUNCTION = YES;
				GCC_WARN_UNUSED_VARIABLE = YES;
				IPHONEOS_DEPLOYMENT_TARGET = 17.4;
				LOCALIZATION_PREFERS_STRING_CATALOGS = YES;
				MTL_ENABLE_DEBUG_INFO = INCLUDE_SOURCE;
				MTL_FAST_MATH = YES;
				ONLY_ACTIVE_ARCH = YES;
				SDKROOT = iphoneos;
				SWIFT_ACTIVE_COMPILATION_CONDITIONS = "DEBUG $(inherited)";
				SWIFT_OPTIMIZATION_LEVEL = "-Onone";
			};
			name = Debug;
		};
		7FF2C75E2BD2473400E90E87 /* Release */ = {
			isa = XCBuildConfiguration;
			buildSettings = {
				ALWAYS_SEARCH_USER_PATHS = NO;
				ASSETCATALOG_COMPILER_GENERATE_SWIFT_ASSET_SYMBOL_EXTENSIONS = YES;
				CLANG_ANALYZER_NONNULL = YES;
				CLANG_ANALYZER_NUMBER_OBJECT_CONVERSION = YES_AGGRESSIVE;
				CLANG_CXX_LANGUAGE_STANDARD = "gnu++20";
				CLANG_ENABLE_MODULES = YES;
				CLANG_ENABLE_OBJC_ARC = YES;
				CLANG_ENABLE_OBJC_WEAK = YES;
				CLANG_WARN_BLOCK_CAPTURE_AUTORELEASING = YES;
				CLANG_WARN_BOOL_CONVERSION = YES;
				CLANG_WARN_COMMA = YES;
				CLANG_WARN_CONSTANT_CONVERSION = YES;
				CLANG_WARN_DEPRECATED_OBJC_IMPLEMENTATIONS = YES;
				CLANG_WARN_DIRECT_OBJC_ISA_USAGE = YES_ERROR;
				CLANG_WARN_DOCUMENTATION_COMMENTS = YES;
				CLANG_WARN_EMPTY_BODY = YES;
				CLANG_WARN_ENUM_CONVERSION = YES;
				CLANG_WARN_INFINITE_RECURSION = YES;
				CLANG_WARN_INT_CONVERSION = YES;
				CLANG_WARN_NON_LITERAL_NULL_CONVERSION = YES;
				CLANG_WARN_OBJC_IMPLICIT_RETAIN_SELF = YES;
				CLANG_WARN_OBJC_LITERAL_CONVERSION = YES;
				CLANG_WARN_OBJC_ROOT_CLASS = YES_ERROR;
				CLANG_WARN_QUOTED_INCLUDE_IN_FRAMEWORK_HEADER = YES;
				CLANG_WARN_RANGE_LOOP_ANALYSIS = YES;
				CLANG_WARN_STRICT_PROTOTYPES = YES;
				CLANG_WARN_SUSPICIOUS_MOVE = YES;
				CLANG_WARN_UNGUARDED_AVAILABILITY = YES_AGGRESSIVE;
				CLANG_WARN_UNREACHABLE_CODE = YES;
				CLANG_WARN__DUPLICATE_METHOD_MATCH = YES;
				COPY_PHASE_STRIP = NO;
				DEBUG_INFORMATION_FORMAT = "dwarf-with-dsym";
				ENABLE_NS_ASSERTIONS = NO;
				ENABLE_STRICT_OBJC_MSGSEND = YES;
				ENABLE_USER_SCRIPT_SANDBOXING = YES;
				GCC_C_LANGUAGE_STANDARD = gnu17;
				GCC_NO_COMMON_BLOCKS = YES;
				GCC_WARN_64_TO_32_BIT_CONVERSION = YES;
				GCC_WARN_ABOUT_RETURN_TYPE = YES_ERROR;
				GCC_WARN_UNDECLARED_SELECTOR = YES;
				GCC_WARN_UNINITIALIZED_AUTOS = YES_AGGRESSIVE;
				GCC_WARN_UNUSED_FUNCTION = YES;
				GCC_WARN_UNUSED_VARIABLE = YES;
				IPHONEOS_DEPLOYMENT_TARGET = 17.4;
				LOCALIZATION_PREFERS_STRING_CATALOGS = YES;
				MTL_ENABLE_DEBUG_INFO = NO;
				MTL_FAST_MATH = YES;
				SDKROOT = iphoneos;
				SWIFT_COMPILATION_MODE = wholemodule;
				VALIDATE_PRODUCT = YES;
			};
			name = Release;
		};
		7FF2C7602BD2473400E90E87 /* Debug */ = {
			isa = XCBuildConfiguration;
			buildSettings = {
				ASSETCATALOG_COMPILER_APPICON_NAME = AppIcon;
				ASSETCATALOG_COMPILER_GLOBAL_ACCENT_COLOR_NAME = AccentColor;
				CODE_SIGN_STYLE = Automatic;
				CURRENT_PROJECT_VERSION = 1;
				DEVELOPMENT_ASSET_PATHS = "\"iOS201poke_36/Preview Content\"";
				DEVELOPMENT_TEAM = YL3KTPTPPB;
				ENABLE_PREVIEWS = YES;
				GENERATE_INFOPLIST_FILE = YES;
				INFOPLIST_KEY_UIApplicationSceneManifest_Generation = YES;
				INFOPLIST_KEY_UIApplicationSupportsIndirectInputEvents = YES;
				INFOPLIST_KEY_UILaunchScreen_Generation = YES;
				INFOPLIST_KEY_UISupportedInterfaceOrientations_iPad = "UIInterfaceOrientationPortrait UIInterfaceOrientationPortraitUpsideDown UIInterfaceOrientationLandscapeLeft UIInterfaceOrientationLandscapeRight";
				INFOPLIST_KEY_UISupportedInterfaceOrientations_iPhone = "UIInterfaceOrientationPortrait UIInterfaceOrientationLandscapeLeft UIInterfaceOrientationLandscapeRight";
				LD_RUNPATH_SEARCH_PATHS = (
					"$(inherited)",
					"@executable_path/Frameworks",
				);
				MARKETING_VERSION = 1.0;
				PRODUCT_BUNDLE_IDENTIFIER = "jp.ac.jec.23cm0136.iOS201poke-36";
				PRODUCT_NAME = "$(TARGET_NAME)";
				SWIFT_EMIT_LOC_STRINGS = YES;
				SWIFT_VERSION = 5.0;
				TARGETED_DEVICE_FAMILY = "1,2";
			};
			name = Debug;
		};
		7FF2C7612BD2473400E90E87 /* Release */ = {
			isa = XCBuildConfiguration;
			buildSettings = {
				ASSETCATALOG_COMPILER_APPICON_NAME = AppIcon;
				ASSETCATALOG_COMPILER_GLOBAL_ACCENT_COLOR_NAME = AccentColor;
				CODE_SIGN_STYLE = Automatic;
				CURRENT_PROJECT_VERSION = 1;
				DEVELOPMENT_ASSET_PATHS = "\"iOS201poke_36/Preview Content\"";
				DEVELOPMENT_TEAM = YL3KTPTPPB;
				ENABLE_PREVIEWS = YES;
				GENERATE_INFOPLIST_FILE = YES;
				INFOPLIST_KEY_UIApplicationSceneManifest_Generation = YES;
				INFOPLIST_KEY_UIApplicationSupportsIndirectInputEvents = YES;
				INFOPLIST_KEY_UILaunchScreen_Generation = YES;
				INFOPLIST_KEY_UISupportedInterfaceOrientations_iPad = "UIInterfaceOrientationPortrait UIInterfaceOrientationPortraitUpsideDown UIInterfaceOrientationLandscapeLeft UIInterfaceOrientationLandscapeRight";
				INFOPLIST_KEY_UISupportedInterfaceOrientations_iPhone = "UIInterfaceOrientationPortrait UIInterfaceOrientationLandscapeLeft UIInterfaceOrientationLandscapeRight";
				LD_RUNPATH_SEARCH_PATHS = (
					"$(inherited)",
					"@executable_path/Frameworks",
				);
				MARKETING_VERSION = 1.0;
				PRODUCT_BUNDLE_IDENTIFIER = "jp.ac.jec.23cm0136.iOS201poke-36";
				PRODUCT_NAME = "$(TARGET_NAME)";
				SWIFT_EMIT_LOC_STRINGS = YES;
				SWIFT_VERSION = 5.0;
				TARGETED_DEVICE_FAMILY = "1,2";
			};
			name = Release;
		};
		7FF2C7632BD2473400E90E87 /* Debug */ = {
			isa = XCBuildConfiguration;
			buildSettings = {
				ALWAYS_EMBED_SWIFT_STANDARD_LIBRARIES = YES;
				BUNDLE_LOADER = "$(TEST_HOST)";
				CODE_SIGN_STYLE = Automatic;
				CURRENT_PROJECT_VERSION = 1;
				DEVELOPMENT_TEAM = YL3KTPTPPB;
				GENERATE_INFOPLIST_FILE = YES;
				IPHONEOS_DEPLOYMENT_TARGET = 17.4;
				MARKETING_VERSION = 1.0;
				PRODUCT_BUNDLE_IDENTIFIER = "jp.ac.jec.23cm0136.iOS201poke-36Tests";
				PRODUCT_NAME = "$(TARGET_NAME)";
				SWIFT_EMIT_LOC_STRINGS = NO;
				SWIFT_VERSION = 5.0;
				TARGETED_DEVICE_FAMILY = "1,2";
				TEST_HOST = "$(BUILT_PRODUCTS_DIR)/iOS201poke_36.app/$(BUNDLE_EXECUTABLE_FOLDER_PATH)/iOS201poke_36";
			};
			name = Debug;
		};
		7FF2C7642BD2473400E90E87 /* Release */ = {
			isa = XCBuildConfiguration;
			buildSettings = {
				ALWAYS_EMBED_SWIFT_STANDARD_LIBRARIES = YES;
				BUNDLE_LOADER = "$(TEST_HOST)";
				CODE_SIGN_STYLE = Automatic;
				CURRENT_PROJECT_VERSION = 1;
				DEVELOPMENT_TEAM = YL3KTPTPPB;
				GENERATE_INFOPLIST_FILE = YES;
				IPHONEOS_DEPLOYMENT_TARGET = 17.4;
				MARKETING_VERSION = 1.0;
				PRODUCT_BUNDLE_IDENTIFIER = "jp.ac.jec.23cm0136.iOS201poke-36Tests";
				PRODUCT_NAME = "$(TARGET_NAME)";
				SWIFT_EMIT_LOC_STRINGS = NO;
				SWIFT_VERSION = 5.0;
				TARGETED_DEVICE_FAMILY = "1,2";
				TEST_HOST = "$(BUILT_PRODUCTS_DIR)/iOS201poke_36.app/$(BUNDLE_EXECUTABLE_FOLDER_PATH)/iOS201poke_36";
			};
			name = Release;
		};
		7FF2C7662BD2473400E90E87 /* Debug */ = {
			isa = XCBuildConfiguration;
			buildSettings = {
				ALWAYS_EMBED_SWIFT_STANDARD_LIBRARIES = YES;
				CODE_SIGN_STYLE = Automatic;
				CURRENT_PROJECT_VERSION = 1;
				DEVELOPMENT_TEAM = YL3KTPTPPB;
				GENERATE_INFOPLIST_FILE = YES;
				MARKETING_VERSION = 1.0;
				PRODUCT_BUNDLE_IDENTIFIER = "jp.ac.jec.23cm0136.iOS201poke-36UITests";
				PRODUCT_NAME = "$(TARGET_NAME)";
				SWIFT_EMIT_LOC_STRINGS = NO;
				SWIFT_VERSION = 5.0;
				TARGETED_DEVICE_FAMILY = "1,2";
				TEST_TARGET_NAME = iOS201poke_36;
			};
			name = Debug;
		};
		7FF2C7672BD2473400E90E87 /* Release */ = {
			isa = XCBuildConfiguration;
			buildSettings = {
				ALWAYS_EMBED_SWIFT_STANDARD_LIBRARIES = YES;
				CODE_SIGN_STYLE = Automatic;
				CURRENT_PROJECT_VERSION = 1;
				DEVELOPMENT_TEAM = YL3KTPTPPB;
				GENERATE_INFOPLIST_FILE = YES;
				MARKETING_VERSION = 1.0;
				PRODUCT_BUNDLE_IDENTIFIER = "jp.ac.jec.23cm0136.iOS201poke-36UITests";
				PRODUCT_NAME = "$(TARGET_NAME)";
				SWIFT_EMIT_LOC_STRINGS = NO;
				SWIFT_VERSION = 5.0;
				TARGETED_DEVICE_FAMILY = "1,2";
				TEST_TARGET_NAME = iOS201poke_36;
			};
			name = Release;
		};
/* End XCBuildConfiguration section */

/* Begin XCConfigurationList section */
		7FF2C7362BD2473200E90E87 /* Build configuration list for PBXProject "iOS201poke_36" */ = {
			isa = XCConfigurationList;
			buildConfigurations = (
				7FF2C75D2BD2473400E90E87 /* Debug */,
				7FF2C75E2BD2473400E90E87 /* Release */,
			);
			defaultConfigurationIsVisible = 0;
			defaultConfigurationName = Release;
		};
		7FF2C75F2BD2473400E90E87 /* Build configuration list for PBXNativeTarget "iOS201poke_36" */ = {
			isa = XCConfigurationList;
			buildConfigurations = (
				7FF2C7602BD2473400E90E87 /* Debug */,
				7FF2C7612BD2473400E90E87 /* Release */,
			);
			defaultConfigurationIsVisible = 0;
			defaultConfigurationName = Release;
		};
		7FF2C7622BD2473400E90E87 /* Build configuration list for PBXNativeTarget "iOS201poke_36Tests" */ = {
			isa = XCConfigurationList;
			buildConfigurations = (
				7FF2C7632BD2473400E90E87 /* Debug */,
				7FF2C7642BD2473400E90E87 /* Release */,
			);
			defaultConfigurationIsVisible = 0;
			defaultConfigurationName = Release;
		};
		7FF2C7652BD2473400E90E87 /* Build configuration list for PBXNativeTarget "iOS201poke_36UITests" */ = {
			isa = XCConfigurationList;
			buildConfigurations = (
				7FF2C7662BD2473400E90E87 /* Debug */,
				7FF2C7672BD2473400E90E87 /* Release */,
			);
			defaultConfigurationIsVisible = 0;
			defaultConfigurationName = Release;
		};
/* End XCConfigurationList section */
	};
	rootObject = 7FF2C7332BD2473200E90E87 /* Project object */;
}
